
Microsoft Visual Studio Solution File, Format Version 12.00
# Visual Studio Version 17
VisualStudioVersion = 17.5.33530.505
MinimumVisualStudioVersion = 10.0.40219.1
Project("{FAE04EC0-301F-11D3-BF4B-00C04F79EFBC}") = "StudyWPFProject", "StudyWPFProject\StudyWPFProject.csproj", "{6B9FF0A1-FCC5-4E8F-BAA0-68E86AE1F754}"
EndProject
Global
	GlobalSection(SolutionConfigurationPlatforms) = preSolution
		Debug|Any CPU = Debug|Any CPU
		Release|Any CPU = Release|Any CPU
	EndGlobalSection
	GlobalSection(ProjectConfigurationPlatforms) = postSolution
		{6B9FF0A1-FCC5-4E8F-BAA0-68E86AE1F754}.Debug|Any CPU.ActiveCfg = Debug|Any CPU
		{6B9FF0A1-FCC5-4E8F-BAA0-68E86AE1F754}.Debug|Any CPU.Build.0 = Debug|Any CPU
		{6B9FF0A1-FCC5-4E8F-BAA0-68E86AE1F754}.Release|Any CPU.ActiveCfg = Release|Any CPU
		{6B9FF0A1-FCC5-4E8F-BAA0-68E86AE1F754}.Release|Any CPU.Build.0 = Release|Any CPU
	EndGlobalSection
	GlobalSection(SolutionProperties) = preSolution
		HideSolutionNode = FALSE
	EndGlobalSection
	GlobalSection(ExtensibilityGlobals) = postSolution
		SolutionGuid = {16D972D7-66E7-481C-8FE3-85E37A54E542}
	EndGlobalSection
EndGlobal
